
Microsoft Visual Studio Solution File, Format Version 12.00
# Visual Studio Version 16
VisualStudioVersion = 16.0.30114.105
MinimumVisualStudioVersion = 10.0.40219.1
Project("{FAE04EC0-301F-11D3-BF4B-00C04F79EFBC}") = "MoodSmart.Android", "MoodSmart\MoodSmart.Android\MoodSmart.Android.csproj", "{CC73C303-BCFA-4537-ACCC-644F72264F6B}"
EndProject
Project("{FAE04EC0-301F-11D3-BF4B-00C04F79EFBC}") = "MoodSmart.iOS", "MoodSmart\MoodSmart.iOS\MoodSmart.iOS.csproj", "{A20F9B02-1A62-40AE-8EA9-9F134FBC6487}"
EndProject
Project("{9A19103F-16F7-4668-BE54-9A1E7A4F7556}") = "MoodSmart", "MoodSmart\MoodSmart\MoodSmart.csproj", "{92982E48-CCF0-4E98-BAE6-3F0740AF6C82}"
EndProject
Global
	GlobalSection(SolutionConfigurationPlatforms) = preSolution
		Debug|Any CPU = Debug|Any CPU
		Debug|iPhone = Debug|iPhone
		Debug|iPhoneSimulator = Debug|iPhoneSimulator
		Release|Any CPU = Release|Any CPU
		Release|iPhone = Release|iPhone
		Release|iPhoneSimulator = Release|iPhoneSimulator
	EndGlobalSection
	GlobalSection(ProjectConfigurationPlatforms) = postSolution
		{CC73C303-BCFA-4537-ACCC-644F72264F6B}.Debug|Any CPU.ActiveCfg = Debug|Any CPU
		{CC73C303-BCFA-4537-ACCC-644F72264F6B}.Debug|Any CPU.Build.0 = Debug|Any CPU
		{CC73C303-BCFA-4537-ACCC-644F72264F6B}.Debug|Any CPU.Deploy.0 = Debug|Any CPU
		{CC73C303-BCFA-4537-ACCC-644F72264F6B}.Debug|iPhone.ActiveCfg = Debug|Any CPU
		{CC73C303-BCFA-4537-ACCC-644F72264F6B}.Debug|iPhone.Build.0 = Debug|Any CPU
		{CC73C303-BCFA-4537-ACCC-644F72264F6B}.Debug|iPhone.Deploy.0 = Debug|Any CPU
		{CC73C303-BCFA-4537-ACCC-644F72264F6B}.Debug|iPhoneSimulator.ActiveCfg = Debug|Any CPU
		{CC73C303-BCFA-4537-ACCC-644F72264F6B}.Debug|iPhoneSimulator.Build.0 = Debug|Any CPU
		{CC73C303-BCFA-4537-ACCC-644F72264F6B}.Debug|iPhoneSimulator.Deploy.0 = Debug|Any CPU
		{CC73C303-BCFA-4537-ACCC-644F72264F6B}.Release|Any CPU.ActiveCfg = Release|Any CPU
		{CC73C303-BCFA-4537-ACCC-644F72264F6B}.Release|Any CPU.Build.0 = Release|Any CPU
		{CC73C303-BCFA-4537-ACCC-644F72264F6B}.Release|Any CPU.Deploy.0 = Release|Any CPU
		{CC73C303-BCFA-4537-ACCC-644F72264F6B}.Release|iPhone.ActiveCfg = Release|Any CPU
		{CC73C303-BCFA-4537-ACCC-644F72264F6B}.Release|iPhone.Build.0 = Release|Any CPU
		{CC73C303-BCFA-4537-ACCC-644F72264F6B}.Release|iPhone.Deploy.0 = Release|Any CPU
		{CC73C303-BCFA-4537-ACCC-644F72264F6B}.Release|iPhoneSimulator.ActiveCfg = Release|Any CPU
		{CC73C303-BCFA-4537-ACCC-644F72264F6B}.Release|iPhoneSimulator.Build.0 = Release|Any CPU
		{CC73C303-BCFA-4537-ACCC-644F72264F6B}.Release|iPhoneSimulator.Deploy.0 = Release|Any CPU
		{A20F9B02-1A62-40AE-8EA9-9F134FBC6487}.Debug|Any CPU.ActiveCfg = Debug|iPhone
		{A20F9B02-1A62-40AE-8EA9-9F134FBC6487}.Debug|Any CPU.Build.0 = Debug|iPhone
		{A20F9B02-1A62-40AE-8EA9-9F134FBC6487}.Debug|Any CPU.Deploy.0 = Debug|iPhone
		{A20F9B02-1A62-40AE-8EA9-9F134FBC6487}.Debug|iPhone.ActiveCfg = Debug|iPhone
		{A20F9B02-1A62-40AE-8EA9-9F134FBC6487}.Debug|iPhone.Build.0 = Debug|iPhone
		{A20F9B02-1A62-40AE-8EA9-9F134FBC6487}.Debug|iPhone.Deploy.0 = Debug|iPhone
		{A20F9B02-1A62-40AE-8EA9-9F134FBC6487}.Debug|iPhoneSimulator.ActiveCfg = Debug|iPhoneSimulator
		{A20F9B02-1A62-40AE-8EA9-9F134FBC6487}.Debug|iPhoneSimulator.Build.0 = Debug|iPhoneSimulator
		{A20F9B02-1A62-40AE-8EA9-9F134FBC6487}.Debug|iPhoneSimulator.Deploy.0 = Debug|iPhoneSimulator
		{A20F9B02-1A62-40AE-8EA9-9F134FBC6487}.Release|Any CPU.ActiveCfg = Release|iPhone
		{A20F9B02-1A62-40AE-8EA9-9F134FBC6487}.Release|Any CPU.Build.0 = Release|iPhone
		{A20F9B02-1A62-40AE-8EA9-9F134FBC6487}.Release|Any CPU.Deploy.0 = Release|iPhone
		{A20F9B02-1A62-40AE-8EA9-9F134FBC6487}.Release|iPhone.ActiveCfg = Release|iPhone
		{A20F9B02-1A62-40AE-8EA9-9F134FBC6487}.Release|iPhone.Build.0 = Release|iPhone
		{A20F9B02-1A62-40AE-8EA9-9F134FBC6487}.Release|iPhone.Deploy.0 = Release|iPhone
		{A20F9B02-1A62-40AE-8EA9-9F134FBC6487}.Release|iPhoneSimulator.ActiveCfg = Release|iPhoneSimulator
		{A20F9B02-1A62-40AE-8EA9-9F134FBC6487}.Release|iPhoneSimulator.Build.0 = Release|iPhoneSimulator
		{A20F9B02-1A62-40AE-8EA9-9F134FBC6487}.Release|iPhoneSimulator.Deploy.0 = Release|iPhoneSimulator
		{92982E48-CCF0-4E98-BAE6-3F0740AF6C82}.Debug|Any CPU.ActiveCfg = Debug|Any CPU
		{92982E48-CCF0-4E98-BAE6-3F0740AF6C82}.Debug|Any CPU.Build.0 = Debug|Any CPU
		{92982E48-CCF0-4E98-BAE6-3F0740AF6C82}.Debug|Any CPU.Deploy.0 = Debug|Any CPU
		{92982E48-CCF0-4E98-BAE6-3F0740AF6C82}.Debug|iPhone.ActiveCfg = Debug|Any CPU
		{92982E48-CCF0-4E98-BAE6-3F0740AF6C82}.Debug|iPhone.Build.0 = Debug|Any CPU
		{92982E48-CCF0-4E98-BAE6-3F0740AF6C82}.Debug|iPhone.Deploy.0 = Debug|Any CPU
		{92982E48-CCF0-4E98-BAE6-3F0740AF6C82}.Debug|iPhoneSimulator.ActiveCfg = Debug|Any CPU
		{92982E48-CCF0-4E98-BAE6-3F0740AF6C82}.Debug|iPhoneSimulator.Build.0 = Debug|Any CPU
		{92982E48-CCF0-4E98-BAE6-3F0740AF6C82}.Debug|iPhoneSimulator.Deploy.0 = Debug|Any CPU
		{92982E48-CCF0-4E98-BAE6-3F0740AF6C82}.Release|Any CPU.ActiveCfg = Release|Any CPU
		{92982E48-CCF0-4E98-BAE6-3F0740AF6C82}.Release|Any CPU.Build.0 = Release|Any CPU
		{92982E48-CCF0-4E98-BAE6-3F0740AF6C82}.Release|Any CPU.Deploy.0 = Release|Any CPU
		{92982E48-CCF0-4E98-BAE6-3F0740AF6C82}.Release|iPhone.ActiveCfg = Release|Any CPU
		{92982E48-CCF0-4E98-BAE6-3F0740AF6C82}.Release|iPhone.Build.0 = Release|Any CPU
		{92982E48-CCF0-4E98-BAE6-3F0740AF6C82}.Release|iPhone.Deploy.0 = Release|Any CPU
		{92982E48-CCF0-4E98-BAE6-3F0740AF6C82}.Release|iPhoneSimulator.ActiveCfg = Release|Any CPU
		{92982E48-CCF0-4E98-BAE6-3F0740AF6C82}.Release|iPhoneSimulator.Build.0 = Release|Any CPU
		{92982E48-CCF0-4E98-BAE6-3F0740AF6C82}.Release|iPhoneSimulator.Deploy.0 = Release|Any CPU
	EndGlobalSection
	GlobalSection(SolutionProperties) = preSolution
		HideSolutionNode = FALSE
	EndGlobalSection
	GlobalSection(ExtensibilityGlobals) = postSolution
		SolutionGuid = {B41DF0C4-6952-440D-8E74-E2BA3F6CD5E5}
	EndGlobalSection
EndGlobal
